<?xml version="1.0" encoding="utf-8"?>
<Project ToolsVersion="4.0" xmlns="http://schemas.microsoft.com/developer/msbuild/2003">
  <ItemGroup>
    <Filter Include="HZL">
      <UniqueIdentifier>{13F1870B-7FFA-877C-0876-9E7C747E937C}</UniqueIdentifier>
    </Filter>
    <Filter Include="HZL\Events">
      <UniqueIdentifier>{9749673B-8301-A988-EC08-82E4D8DF4379}</UniqueIdentifier>
    </Filter>
  </ItemGroup>
  <ItemGroup>
    <ClInclude Include="src\HZL.h" />
    <ClInclude Include="src\HZL\Application.h">
      <Filter>HZL</Filter>
    </ClInclude>
    <ClInclude Include="src\HZL\Core.h">
      <Filter>HZL</Filter>
    </ClInclude>
    <ClInclude Include="src\HZL\EntryPoint.h">
      <Filter>HZL</Filter>
    </ClInclude>
    <ClInclude Include="src\HZL\Events\ApplicationEvent.h">
      <Filter>HZL\Events</Filter>
    </ClInclude>
    <ClInclude Include="src\HZL\Events\Event.h">
      <Filter>HZL\Events</Filter>
    </ClInclude>
    <ClInclude Include="src\HZL\Events\KeyEvent.h">
      <Filter>HZL\Events</Filter>
    </ClInclude>
    <ClInclude Include="src\HZL\Events\MouseEvent.h">
      <Filter>HZL\Events</Filter>
    </ClInclude>
    <ClInclude Include="src\HZL\Log.h">
      <Filter>HZL</Filter>
    </ClInclude>
    <ClInclude Include="src\HZLpch.h" />
  </ItemGroup>
  <ItemGroup>
    <ClCompile Include="src\HZL\Application.cpp">
      <Filter>HZL</Filter>
    </ClCompile>
    <ClCompile Include="src\HZL\Log.cpp">
      <Filter>HZL</Filter>
    </ClCompile>
    <ClCompile Include="src\HZLpch.cpp" />
  </ItemGroup>
</Project>