<?xml version="1.0" encoding="utf-8"?>
<Project ToolsVersion="4.0" xmlns="http://schemas.microsoft.com/developer/msbuild/2003">
  <ItemGroup>
    <Filter Include="HZL">
      <UniqueIdentifier>{13F1870B-7FFA-877C-0876-9E7C747E937C}</UniqueIdentifier>
    </Filter>
  </ItemGroup>
  <ItemGroup>
    <ClInclude Include="src\HZL.h" />
    <ClInclude Include="src\HZL\Application.h">
      <Filter>HZL</Filter>
    </ClInclude>
    <ClInclude Include="src\HZL\Core.h">
      <Filter>HZL</Filter>
    </ClInclude>
    <ClInclude Include="src\HZL\EntryPoint.h">
      <Filter>HZL</Filter>
    </ClInclude>
    <ClInclude Include="src\HZL\Log.h">
      <Filter>HZL</Filter>
    </ClInclude>
  </ItemGroup>
  <ItemGroup>
    <ClCompile Include="src\HZL\Application.cpp">
      <Filter>HZL</Filter>
    </ClCompile>
    <ClCompile Include="src\HZL\Log.cpp">
      <Filter>HZL</Filter>
    </ClCompile>
  </ItemGroup>
</Project>